// !$*UTF8*$!
{
	archiveVersion = 1;
	classes = {
	};
	objectVersion = 55;
	objects = {

/* Begin PBXBuildFile section */
		EA9606B9279DB13C00F65F8D /* TeleOpViewController.swift in Sources */ = {isa = PBXBuildFile; fileRef = EA9606B8279DB13C00F65F8D /* TeleOpViewController.swift */; };
		EA9606BB279DB1E500F65F8D /* IntelligenceViewController.swift in Sources */ = {isa = PBXBuildFile; fileRef = EA9606BA279DB1E500F65F8D /* IntelligenceViewController.swift */; };
		EA9606BD279DB21C00F65F8D /* LiveViewController.swift in Sources */ = {isa = PBXBuildFile; fileRef = EA9606BC279DB21C00F65F8D /* LiveViewController.swift */; };
		EA9606BF279DB25800F65F8D /* MoreViewController.swift in Sources */ = {isa = PBXBuildFile; fileRef = EA9606BE279DB25800F65F8D /* MoreViewController.swift */; };
		EAC7BDDE279AC7EE00D9EA24 /* AppDelegate.swift in Sources */ = {isa = PBXBuildFile; fileRef = EAC7BDDD279AC7EE00D9EA24 /* AppDelegate.swift */; };
		EAC7BDE0279AC7EE00D9EA24 /* SceneDelegate.swift in Sources */ = {isa = PBXBuildFile; fileRef = EAC7BDDF279AC7EE00D9EA24 /* SceneDelegate.swift */; };
		EAC7BDE2279AC7EE00D9EA24 /* HomeViewController.swift in Sources */ = {isa = PBXBuildFile; fileRef = EAC7BDE1279AC7EE00D9EA24 /* HomeViewController.swift */; };
		EAC7BDE5279AC7EE00D9EA24 /* Main.storyboard in Resources */ = {isa = PBXBuildFile; fileRef = EAC7BDE3279AC7EE00D9EA24 /* Main.storyboard */; };
		EAC7BDE7279AC7EE00D9EA24 /* Assets.xcassets in Resources */ = {isa = PBXBuildFile; fileRef = EAC7BDE6279AC7EE00D9EA24 /* Assets.xcassets */; };
		EAC7BDEA279AC7EE00D9EA24 /* LaunchScreen.storyboard in Resources */ = {isa = PBXBuildFile; fileRef = EAC7BDE8279AC7EE00D9EA24 /* LaunchScreen.storyboard */; };
		EAF5C5FC27BE82940022AE48 /* Sockets.swift in Sources */ = {isa = PBXBuildFile; fileRef = EAF5C5FB27BE82940022AE48 /* Sockets.swift */; };
/* End PBXBuildFile section */

/* Begin PBXFileReference section */
		EA9606B8279DB13C00F65F8D /* TeleOpViewController.swift */ = {isa = PBXFileReference; lastKnownFileType = sourcecode.swift; path = TeleOpViewController.swift; sourceTree = "<group>"; };
		EA9606BA279DB1E500F65F8D /* IntelligenceViewController.swift */ = {isa = PBXFileReference; lastKnownFileType = sourcecode.swift; path = IntelligenceViewController.swift; sourceTree = "<group>"; };
		EA9606BC279DB21C00F65F8D /* LiveViewController.swift */ = {isa = PBXFileReference; lastKnownFileType = sourcecode.swift; path = LiveViewController.swift; sourceTree = "<group>"; };
		EA9606BE279DB25800F65F8D /* MoreViewController.swift */ = {isa = PBXFileReference; lastKnownFileType = sourcecode.swift; path = MoreViewController.swift; sourceTree = "<group>"; };
		EAC7BDDA279AC7EE00D9EA24 /* ADELINK.app */ = {isa = PBXFileReference; explicitFileType = wrapper.application; includeInIndex = 0; path = ADELINK.app; sourceTree = BUILT_PRODUCTS_DIR; };
		EAC7BDDD279AC7EE00D9EA24 /* AppDelegate.swift */ = {isa = PBXFileReference; lastKnownFileType = sourcecode.swift; path = AppDelegate.swift; sourceTree = "<group>"; };
		EAC7BDDF279AC7EE00D9EA24 /* SceneDelegate.swift */ = {isa = PBXFileReference; lastKnownFileType = sourcecode.swift; path = SceneDelegate.swift; sourceTree = "<group>"; };
		EAC7BDE1279AC7EE00D9EA24 /* HomeViewController.swift */ = {isa = PBXFileReference; lastKnownFileType = sourcecode.swift; path = HomeViewController.swift; sourceTree = "<group>"; };
		EAC7BDE4279AC7EE00D9EA24 /* Base */ = {isa = PBXFileReference; lastKnownFileType = file.storyboard; name = Base; path = Base.lproj/Main.storyboard; sourceTree = "<group>"; };
		EAC7BDE6279AC7EE00D9EA24 /* Assets.xcassets */ = {isa = PBXFileReference; lastKnownFileType = folder.assetcatalog; path = Assets.xcassets; sourceTree = "<group>"; };
		EAC7BDE9279AC7EE00D9EA24 /* Base */ = {isa = PBXFileReference; lastKnownFileType = file.storyboard; name = Base; path = Base.lproj/LaunchScreen.storyboard; sourceTree = "<group>"; };
		EAC7BDEB279AC7EE00D9EA24 /* Info.plist */ = {isa = PBXFileReference; lastKnownFileType = text.plist.xml; path = Info.plist; sourceTree = "<group>"; };
		EAF5C5FB27BE82940022AE48 /* Sockets.swift */ = {isa = PBXFileReference; lastKnownFileType = sourcecode.swift; path = Sockets.swift; sourceTree = "<group>"; };
/* End PBXFileReference section */

/* Begin PBXFrameworksBuildPhase section */
		EAC7BDD7279AC7EE00D9EA24 /* Frameworks */ = {
			isa = PBXFrameworksBuildPhase;
			buildActionMask = 2147483647;
			files = (
			);
			runOnlyForDeploymentPostprocessing = 0;
		};
/* End PBXFrameworksBuildPhase section */

/* Begin PBXGroup section */
		EAC7BDD1279AC7EE00D9EA24 = {
			isa = PBXGroup;
			children = (
				EAC7BDDC279AC7EE00D9EA24 /* ADELINK */,
				EAC7BDDB279AC7EE00D9EA24 /* Products */,
			);
			sourceTree = "<group>";
		};
		EAC7BDDB279AC7EE00D9EA24 /* Products */ = {
			isa = PBXGroup;
			children = (
				EAC7BDDA279AC7EE00D9EA24 /* ADELINK.app */,
			);
			name = Products;
			sourceTree = "<group>";
		};
		EAC7BDDC279AC7EE00D9EA24 /* ADELINK */ = {
			isa = PBXGroup;
			children = (
				EAC7BDDD279AC7EE00D9EA24 /* AppDelegate.swift */,
				EAC7BDDF279AC7EE00D9EA24 /* SceneDelegate.swift */,
				EAF5C5FA27BE826C0022AE48 /* Model */,
				EAFED50A279D424100B8BA06 /* View */,
				EAFED50B279D425000B8BA06 /* Controller */,
				EAC7BDE6279AC7EE00D9EA24 /* Assets.xcassets */,
				EAC7BDE8279AC7EE00D9EA24 /* LaunchScreen.storyboard */,
				EAC7BDEB279AC7EE00D9EA24 /* Info.plist */,
			);
			path = ADELINK;
			sourceTree = "<group>";
		};
		EAF5C5FA27BE826C0022AE48 /* Model */ = {
			isa = PBXGroup;
			children = (
				EAF5C5FB27BE82940022AE48 /* Sockets.swift */,
			);
			path = Model;
			sourceTree = "<group>";
		};
		EAFED50A279D424100B8BA06 /* View */ = {
			isa = PBXGroup;
			children = (
				EAC7BDE3279AC7EE00D9EA24 /* Main.storyboard */,
			);
			path = View;
			sourceTree = "<group>";
		};
		EAFED50B279D425000B8BA06 /* Controller */ = {
			isa = PBXGroup;
			children = (
				EAC7BDE1279AC7EE00D9EA24 /* HomeViewController.swift */,
				EA9606B8279DB13C00F65F8D /* TeleOpViewController.swift */,
				EA9606BA279DB1E500F65F8D /* IntelligenceViewController.swift */,
				EA9606BC279DB21C00F65F8D /* LiveViewController.swift */,
				EA9606BE279DB25800F65F8D /* MoreViewController.swift */,
			);
			path = Controller;
			sourceTree = "<group>";
		};
/* End PBXGroup section */

/* Begin PBXNativeTarget section */
		EAC7BDD9279AC7EE00D9EA24 /* ADELINK */ = {
			isa = PBXNativeTarget;
			buildConfigurationList = EAC7BDEE279AC7EE00D9EA24 /* Build configuration list for PBXNativeTarget "ADELINK" */;
			buildPhases = (
				EAC7BDD6279AC7EE00D9EA24 /* Sources */,
				EAC7BDD7279AC7EE00D9EA24 /* Frameworks */,
				EAC7BDD8279AC7EE00D9EA24 /* Resources */,
			);
			buildRules = (
			);
			dependencies = (
			);
			name = ADELINK;
			productName = ADELINK;
			productReference = EAC7BDDA279AC7EE00D9EA24 /* ADELINK.app */;
			productType = "com.apple.product-type.application";
		};
/* End PBXNativeTarget section */

/* Begin PBXProject section */
		EAC7BDD2279AC7EE00D9EA24 /* Project object */ = {
			isa = PBXProject;
			attributes = {
				BuildIndependentTargetsInParallel = 1;
				LastSwiftUpdateCheck = 1320;
				LastUpgradeCheck = 1320;
				TargetAttributes = {
					EAC7BDD9279AC7EE00D9EA24 = {
						CreatedOnToolsVersion = 13.2.1;
					};
				};
			};
			buildConfigurationList = EAC7BDD5279AC7EE00D9EA24 /* Build configuration list for PBXProject "ADELINK" */;
			compatibilityVersion = "Xcode 13.0";
			developmentRegion = en;
			hasScannedForEncodings = 0;
			knownRegions = (
				en,
				Base,
			);
			mainGroup = EAC7BDD1279AC7EE00D9EA24;
			productRefGroup = EAC7BDDB279AC7EE00D9EA24 /* Products */;
			projectDirPath = "";
			projectRoot = "";
			targets = (
				EAC7BDD9279AC7EE00D9EA24 /* ADELINK */,
			);
		};
/* End PBXProject section */

/* Begin PBXResourcesBuildPhase section */
		EAC7BDD8279AC7EE00D9EA24 /* Resources */ = {
			isa = PBXResourcesBuildPhase;
			buildActionMask = 2147483647;
			files = (
				EAC7BDEA279AC7EE00D9EA24 /* LaunchScreen.storyboard in Resources */,
				EAC7BDE7279AC7EE00D9EA24 /* Assets.xcassets in Resources */,
				EAC7BDE5279AC7EE00D9EA24 /* Main.storyboard in Resources */,
			);
			runOnlyForDeploymentPostprocessing = 0;
		};
/* End PBXResourcesBuildPhase section */

/* Begin PBXSourcesBuildPhase section */
		EAC7BDD6279AC7EE00D9EA24 /* Sources */ = {
			isa = PBXSourcesBuildPhase;
			buildActionMask = 2147483647;
			files = (
				EA9606BF279DB25800F65F8D /* MoreViewController.swift in Sources */,
				EAC7BDE2279AC7EE00D9EA24 /* HomeViewController.swift in Sources */,
				EA9606B9279DB13C00F65F8D /* TeleOpViewController.swift in Sources */,
				EAC7BDDE279AC7EE00D9EA24 /* AppDelegate.swift in Sources */,
				EAF5C5FC27BE82940022AE48 /* Sockets.swift in Sources */,
				EAC7BDE0279AC7EE00D9EA24 /* SceneDelegate.swift in Sources */,
				EA9606BD279DB21C00F65F8D /* LiveViewController.swift in Sources */,
				EA9606BB279DB1E500F65F8D /* IntelligenceViewController.swift in Sources */,
			);
			runOnlyForDeploymentPostprocessing = 0;
		};
/* End PBXSourcesBuildPhase section */

/* Begin PBXVariantGroup section */
		EAC7BDE3279AC7EE00D9EA24 /* Main.storyboard */ = {
			isa = PBXVariantGroup;
			children = (
				EAC7BDE4279AC7EE00D9EA24 /* Base */,
			);
			name = Main.storyboard;
			sourceTree = "<group>";
		};
		EAC7BDE8279AC7EE00D9EA24 /* LaunchScreen.storyboard */ = {
			isa = PBXVariantGroup;
			children = (
				EAC7BDE9279AC7EE00D9EA24 /* Base */,
			);
			name = LaunchScreen.storyboard;
			sourceTree = "<group>";
		};
/* End PBXVariantGroup section */

/* Begin XCBuildConfiguration section */
		EAC7BDEC279AC7EE00D9EA24 /* Debug */ = {
			isa = XCBuildConfiguration;
			buildSettings = {
				ALWAYS_SEARCH_USER_PATHS = NO;
				CLANG_ANALYZER_NONNULL = YES;
				CLANG_ANALYZER_NUMBER_OBJECT_CONVERSION = YES_AGGRESSIVE;
				CLANG_CXX_LANGUAGE_STANDARD = "gnu++17";
				CLANG_CXX_LIBRARY = "libc++";
				CLANG_ENABLE_MODULES = YES;
				CLANG_ENABLE_OBJC_ARC = YES;
				CLANG_ENABLE_OBJC_WEAK = YES;
				CLANG_WARN_BLOCK_CAPTURE_AUTORELEASING = YES;
				CLANG_WARN_BOOL_CONVERSION = YES;
				CLANG_WARN_COMMA = YES;
				CLANG_WARN_CONSTANT_CONVERSION = YES;
				CLANG_WARN_DEPRECATED_OBJC_IMPLEMENTATIONS = YES;
				CLANG_WARN_DIRECT_OBJC_ISA_USAGE = YES_ERROR;
				CLANG_WARN_DOCUMENTATION_COMMENTS = YES;
				CLANG_WARN_EMPTY_BODY = YES;
				CLANG_WARN_ENUM_CONVERSION = YES;
				CLANG_WARN_INFINITE_RECURSION = YES;
				CLANG_WARN_INT_CONVERSION = YES;
				CLANG_WARN_NON_LITERAL_NULL_CONVERSION = YES;
				CLANG_WARN_OBJC_IMPLICIT_RETAIN_SELF = YES;
				CLANG_WARN_OBJC_LITERAL_CONVERSION = YES;
				CLANG_WARN_OBJC_ROOT_CLASS = YES_ERROR;
				CLANG_WARN_QUOTED_INCLUDE_IN_FRAMEWORK_HEADER = YES;
				CLANG_WARN_RANGE_LOOP_ANALYSIS = YES;
				CLANG_WARN_STRICT_PROTOTYPES = YES;
				CLANG_WARN_SUSPICIOUS_MOVE = YES;
				CLANG_WARN_UNGUARDED_AVAILABILITY = YES_AGGRESSIVE;
				CLANG_WARN_UNREACHABLE_CODE = YES;
				CLANG_WARN__DUPLICATE_METHOD_MATCH = YES;
				COPY_PHASE_STRIP = NO;
				DEBUG_INFORMATION_FORMAT = dwarf;
				ENABLE_STRICT_OBJC_MSGSEND = YES;
				ENABLE_TESTABILITY = YES;
				GCC_C_LANGUAGE_STANDARD = gnu11;
				GCC_DYNAMIC_NO_PIC = NO;
				GCC_NO_COMMON_BLOCKS = YES;
				GCC_OPTIMIZATION_LEVEL = 0;
				GCC_PREPROCESSOR_DEFINITIONS = (
					"DEBUG=1",
					"$(inherited)",
				);
				GCC_WARN_64_TO_32_BIT_CONVERSION = YES;
				GCC_WARN_ABOUT_RETURN_TYPE = YES_ERROR;
				GCC_WARN_UNDECLARED_SELECTOR = YES;
				GCC_WARN_UNINITIALIZED_AUTOS = YES_AGGRESSIVE;
				GCC_WARN_UNUSED_FUNCTION = YES;
				GCC_WARN_UNUSED_VARIABLE = YES;
				IPHONEOS_DEPLOYMENT_TARGET = 15.2;
				MTL_ENABLE_DEBUG_INFO = INCLUDE_SOURCE;
				MTL_FAST_MATH = YES;
				ONLY_ACTIVE_ARCH = YES;
				SDKROOT = iphoneos;
				SWIFT_ACTIVE_COMPILATION_CONDITIONS = DEBUG;
				SWIFT_OPTIMIZATION_LEVEL = "-Onone";
			};
			name = Debug;
		};
		EAC7BDED279AC7EE00D9EA24 /* Release */ = {
			isa = XCBuildConfiguration;
			buildSettings = {
				ALWAYS_SEARCH_USER_PATHS = NO;
				CLANG_ANALYZER_NONNULL = YES;
				CLANG_ANALYZER_NUMBER_OBJECT_CONVERSION = YES_AGGRESSIVE;
				CLANG_CXX_LANGUAGE_STANDARD = "gnu++17";
				CLANG_CXX_LIBRARY = "libc++";
				CLANG_ENABLE_MODULES = YES;
				CLANG_ENABLE_OBJC_ARC = YES;
				CLANG_ENABLE_OBJC_WEAK = YES;
				CLANG_WARN_BLOCK_CAPTURE_AUTORELEASING = YES;
				CLANG_WARN_BOOL_CONVERSION = YES;
				CLANG_WARN_COMMA = YES;
				CLANG_WARN_CONSTANT_CONVERSION = YES;
				CLANG_WARN_DEPRECATED_OBJC_IMPLEMENTATIONS = YES;
				CLANG_WARN_DIRECT_OBJC_ISA_USAGE = YES_ERROR;
				CLANG_WARN_DOCUMENTATION_COMMENTS = YES;
				CLANG_WARN_EMPTY_BODY = YES;
				CLANG_WARN_ENUM_CONVERSION = YES;
				CLANG_WARN_INFINITE_RECURSION = YES;
				CLANG_WARN_INT_CONVERSION = YES;
				CLANG_WARN_NON_LITERAL_NULL_CONVERSION = YES;
				CLANG_WARN_OBJC_IMPLICIT_RETAIN_SELF = YES;
				CLANG_WARN_OBJC_LITERAL_CONVERSION = YES;
				CLANG_WARN_OBJC_ROOT_CLASS = YES_ERROR;
				CLANG_WARN_QUOTED_INCLUDE_IN_FRAMEWORK_HEADER = YES;
				CLANG_WARN_RANGE_LOOP_ANALYSIS = YES;
				CLANG_WARN_STRICT_PROTOTYPES = YES;
				CLANG_WARN_SUSPICIOUS_MOVE = YES;
				CLANG_WARN_UNGUARDED_AVAILABILITY = YES_AGGRESSIVE;
				CLANG_WARN_UNREACHABLE_CODE = YES;
				CLANG_WARN__DUPLICATE_METHOD_MATCH = YES;
				COPY_PHASE_STRIP = NO;
				DEBUG_INFORMATION_FORMAT = "dwarf-with-dsym";
				ENABLE_NS_ASSERTIONS = NO;
				ENABLE_STRICT_OBJC_MSGSEND = YES;
				GCC_C_LANGUAGE_STANDARD = gnu11;
				GCC_NO_COMMON_BLOCKS = YES;
				GCC_WARN_64_TO_32_BIT_CONVERSION = YES;
				GCC_WARN_ABOUT_RETURN_TYPE = YES_ERROR;
				GCC_WARN_UNDECLARED_SELECTOR = YES;
				GCC_WARN_UNINITIALIZED_AUTOS = YES_AGGRESSIVE;
				GCC_WARN_UNUSED_FUNCTION = YES;
				GCC_WARN_UNUSED_VARIABLE = YES;
				IPHONEOS_DEPLOYMENT_TARGET = 15.2;
				MTL_ENABLE_DEBUG_INFO = NO;
				MTL_FAST_MATH = YES;
				SDKROOT = iphoneos;
				SWIFT_COMPILATION_MODE = wholemodule;
				SWIFT_OPTIMIZATION_LEVEL = "-O";
				VALIDATE_PRODUCT = YES;
			};
			name = Release;
		};
		EAC7BDEF279AC7EE00D9EA24 /* Debug */ = {
			isa = XCBuildConfiguration;
			buildSettings = {
				ASSETCATALOG_COMPILER_APPICON_NAME = AppIcon;
				ASSETCATALOG_COMPILER_GLOBAL_ACCENT_COLOR_NAME = AccentColor;
				CODE_SIGN_STYLE = Automatic;
				CURRENT_PROJECT_VERSION = 1;
				DEVELOPMENT_TEAM = DXCNGW32N8;
				GENERATE_INFOPLIST_FILE = YES;
				INFOPLIST_FILE = ADELINK/Info.plist;
				INFOPLIST_KEY_UIApplicationSupportsIndirectInputEvents = YES;
				INFOPLIST_KEY_UILaunchStoryboardName = LaunchScreen;
				INFOPLIST_KEY_UIMainStoryboardFile = Main;
				INFOPLIST_KEY_UISupportedInterfaceOrientations = UIInterfaceOrientationPortrait;
				INFOPLIST_KEY_UISupportedInterfaceOrientations_iPad = "UIInterfaceOrientationPortrait UIInterfaceOrientationPortraitUpsideDown UIInterfaceOrientationLandscapeLeft UIInterfaceOrientationLandscapeRight";
				INFOPLIST_KEY_UISupportedInterfaceOrientations_iPhone = "UIInterfaceOrientationPortrait UIInterfaceOrientationLandscapeLeft UIInterfaceOrientationLandscapeRight";
				LD_RUNPATH_SEARCH_PATHS = (
					"$(inherited)",
					"@executable_path/Frameworks",
				);
				MARKETING_VERSION = 1.0;
				PRODUCT_BUNDLE_IDENTIFIER = com.abramtan.ADELINK;
				PRODUCT_NAME = "$(TARGET_NAME)";
				SWIFT_EMIT_LOC_STRINGS = YES;
				SWIFT_VERSION = 5.0;
				TARGETED_DEVICE_FAMILY = 1;
			};
			name = Debug;
		};
		EAC7BDF0279AC7EE00D9EA24 /* Release */ = {
			isa = XCBuildConfiguration;
			buildSettings = {
				ASSETCATALOG_COMPILER_APPICON_NAME = AppIcon;
				ASSETCATALOG_COMPILER_GLOBAL_ACCENT_COLOR_NAME = AccentColor;
				CODE_SIGN_STYLE = Automatic;
				CURRENT_PROJECT_VERSION = 1;
				DEVELOPMENT_TEAM = DXCNGW32N8;
				GENERATE_INFOPLIST_FILE = YES;
				INFOPLIST_FILE = ADELINK/Info.plist;
				INFOPLIST_KEY_UIApplicationSupportsIndirectInputEvents = YES;
				INFOPLIST_KEY_UILaunchStoryboardName = LaunchScreen;
				INFOPLIST_KEY_UIMainStoryboardFile = Main;
				INFOPLIST_KEY_UISupportedInterfaceOrientations = UIInterfaceOrientationPortrait;
				INFOPLIST_KEY_UISupportedInterfaceOrientations_iPad = "UIInterfaceOrientationPortrait UIInterfaceOrientationPortraitUpsideDown UIInterfaceOrientationLandscapeLeft UIInterfaceOrientationLandscapeRight";
				INFOPLIST_KEY_UISupportedInterfaceOrientations_iPhone = "UIInterfaceOrientationPortrait UIInterfaceOrientationLandscapeLeft UIInterfaceOrientationLandscapeRight";
				LD_RUNPATH_SEARCH_PATHS = (
					"$(inherited)",
					"@executable_path/Frameworks",
				);
				MARKETING_VERSION = 1.0;
				PRODUCT_BUNDLE_IDENTIFIER = com.abramtan.ADELINK;
				PRODUCT_NAME = "$(TARGET_NAME)";
				SWIFT_EMIT_LOC_STRINGS = YES;
				SWIFT_VERSION = 5.0;
				TARGETED_DEVICE_FAMILY = 1;
			};
			name = Release;
		};
/* End XCBuildConfiguration section */

/* Begin XCConfigurationList section */
		EAC7BDD5279AC7EE00D9EA24 /* Build configuration list for PBXProject "ADELINK" */ = {
			isa = XCConfigurationList;
			buildConfigurations = (
				EAC7BDEC279AC7EE00D9EA24 /* Debug */,
				EAC7BDED279AC7EE00D9EA24 /* Release */,
			);
			defaultConfigurationIsVisible = 0;
			defaultConfigurationName = Release;
		};
		EAC7BDEE279AC7EE00D9EA24 /* Build configuration list for PBXNativeTarget "ADELINK" */ = {
			isa = XCConfigurationList;
			buildConfigurations = (
				EAC7BDEF279AC7EE00D9EA24 /* Debug */,
				EAC7BDF0279AC7EE00D9EA24 /* Release */,
			);
			defaultConfigurationIsVisible = 0;
			defaultConfigurationName = Release;
		};
/* End XCConfigurationList section */
	};
	rootObject = EAC7BDD2279AC7EE00D9EA24 /* Project object */;
}
